// !$*UTF8*$!
{
	archiveVersion = 1;
	classes = {
	};
	objectVersion = 46;
	objects = {

/* Begin PBXBuildFile section */
		F73CA9F11D625689000862FF /* main.m in Sources */ = {isa = PBXBuildFile; fileRef = F73CA9F01D625689000862FF /* main.m */; };
/* End PBXBuildFile section */

/* Begin PBXCopyFilesBuildPhase section */
		F73CA9EB1D625689000862FF /* CopyFiles */ = {
			isa = PBXCopyFilesBuildPhase;
			buildActionMask = 2147483647;
			dstPath = /usr/share/man/man1/;
			dstSubfolderSpec = 0;
			files = (
			);
			runOnlyForDeploymentPostprocessing = 1;
		};
/* End PBXCopyFilesBuildPhase section */

/* Begin PBXFileReference section */
		F73CA9ED1D625689000862FF /* Guessing Game - Obj C */ = {isa = PBXFileReference; explicitFileType = "compiled.mach-o.executable"; includeInIndex = 0; path = "Guessing Game - Obj C"; sourceTree = BUILT_PRODUCTS_DIR; };
		F73CA9F01D625689000862FF /* main.m */ = {isa = PBXFileReference; lastKnownFileType = sourcecode.c.objc; path = main.m; sourceTree = "<group>"; };
/* End PBXFileReference section */

/* Begin PBXFrameworksBuildPhase section */
		F73CA9EA1D625689000862FF /* Frameworks */ = {
			isa = PBXFrameworksBuildPhase;
			buildActionMask = 2147483647;
			files = (
			);
			runOnlyForDeploymentPostprocessing = 0;
		};
/* End PBXFrameworksBuildPhase section */

/* Begin PBXGroup section */
		F73CA9E41D625689000862FF = {
			isa = PBXGroup;
			children = (
				F73CA9EF1D625689000862FF /* Guessing Game - Obj C */,
				F73CA9EE1D625689000862FF /* Products */,
			);
			sourceTree = "<group>";
		};
		F73CA9EE1D625689000862FF /* Products */ = {
			isa = PBXGroup;
			children = (
				F73CA9ED1D625689000862FF /* Guessing Game - Obj C */,
			);
			name = Products;
			sourceTree = "<group>";
		};
		F73CA9EF1D625689000862FF /* Guessing Game - Obj C */ = {
			isa = PBXGroup;
			children = (
				F73CA9F01D625689000862FF /* main.m */,
			);
			path = "Guessing Game - Obj C";
			sourceTree = "<group>";
		};
/* End PBXGroup section */

/* Begin PBXNativeTarget section */
		F73CA9EC1D625689000862FF /* Guessing Game - Obj C */ = {
			isa = PBXNativeTarget;
			buildConfigurationList = F73CA9F41D625689000862FF /* Build configuration list for PBXNativeTarget "Guessing Game - Obj C" */;
			buildPhases = (
				F73CA9E91D625689000862FF /* Sources */,
				F73CA9EA1D625689000862FF /* Frameworks */,
				F73CA9EB1D625689000862FF /* CopyFiles */,
			);
			buildRules = (
			);
			dependencies = (
			);
			name = "Guessing Game - Obj C";
			productName = "Guessing Game - Obj C";
			productReference = F73CA9ED1D625689000862FF /* Guessing Game - Obj C */;
			productType = "com.apple.product-type.tool";
		};
/* End PBXNativeTarget section */

/* Begin PBXProject section */
		F73CA9E51D625689000862FF /* Project object */ = {
			isa = PBXProject;
			attributes = {
				LastUpgradeCheck = 0800;
				ORGANIZATIONNAME = "Dan Esrey";
				TargetAttributes = {
					F73CA9EC1D625689000862FF = {
						CreatedOnToolsVersion = 8.0;
						DevelopmentTeam = 6EFGV8H972;
						ProvisioningStyle = Automatic;
					};
				};
			};
			buildConfigurationList = F73CA9E81D625689000862FF /* Build configuration list for PBXProject "Guessing Game - Obj C" */;
			compatibilityVersion = "Xcode 3.2";
			developmentRegion = English;
			hasScannedForEncodings = 0;
			knownRegions = (
				en,
			);
			mainGroup = F73CA9E41D625689000862FF;
			productRefGroup = F73CA9EE1D625689000862FF /* Products */;
			projectDirPath = "";
			projectRoot = "";
			targets = (
				F73CA9EC1D625689000862FF /* Guessing Game - Obj C */,
			);
		};
/* End PBXProject section */

/* Begin PBXSourcesBuildPhase section */
		F73CA9E91D625689000862FF /* Sources */ = {
			isa = PBXSourcesBuildPhase;
			buildActionMask = 2147483647;
			files = (
				F73CA9F11D625689000862FF /* main.m in Sources */,
			);
			runOnlyForDeploymentPostprocessing = 0;
		};
/* End PBXSourcesBuildPhase section */

/* Begin XCBuildConfiguration section */
		F73CA9F21D625689000862FF /* Debug */ = {
			isa = XCBuildConfiguration;
			buildSettings = {
				ALWAYS_SEARCH_USER_PATHS = NO;
				CLANG_ANALYZER_NONNULL = YES;
				CLANG_CXX_LANGUAGE_STANDARD = "gnu++0x";
				CLANG_CXX_LIBRARY = "libc++";
				CLANG_ENABLE_MODULES = YES;
				CLANG_ENABLE_OBJC_ARC = YES;
				CLANG_WARN_BOOL_CONVERSION = YES;
				CLANG_WARN_CONSTANT_CONVERSION = YES;
				CLANG_WARN_DIRECT_OBJC_ISA_USAGE = YES_ERROR;
				CLANG_WARN_DOCUMENTATION_COMMENTS = YES;
				CLANG_WARN_EMPTY_BODY = YES;
				CLANG_WARN_ENUM_CONVERSION = YES;
				CLANG_WARN_INFINITE_RECURSION = YES;
				CLANG_WARN_INT_CONVERSION = YES;
				CLANG_WARN_OBJC_ROOT_CLASS = YES_ERROR;
				CLANG_WARN_SUSPICIOUS_MOVES = YES;
				CLANG_WARN_UNREACHABLE_CODE = YES;
				CLANG_WARN__DUPLICATE_METHOD_MATCH = YES;
				CODE_SIGN_IDENTITY = "-";
				COPY_PHASE_STRIP = NO;
				DEBUG_INFORMATION_FORMAT = dwarf;
				ENABLE_STRICT_OBJC_MSGSEND = YES;
				ENABLE_TESTABILITY = YES;
				GCC_C_LANGUAGE_STANDARD = gnu99;
				GCC_DYNAMIC_NO_PIC = NO;
				GCC_NO_COMMON_BLOCKS = YES;
				GCC_OPTIMIZATION_LEVEL = 0;
				GCC_PREPROCESSOR_DEFINITIONS = (
					"DEBUG=1",
					"$(inherited)",
				);
				GCC_WARN_64_TO_32_BIT_CONVERSION = YES;
				GCC_WARN_ABOUT_RETURN_TYPE = YES_ERROR;
				GCC_WARN_UNDECLARED_SELECTOR = YES;
				GCC_WARN_UNINITIALIZED_AUTOS = YES_AGGRESSIVE;
				GCC_WARN_UNUSED_FUNCTION = YES;
				GCC_WARN_UNUSED_VARIABLE = YES;
				MACOSX_DEPLOYMENT_TARGET = 10.11;
				MTL_ENABLE_DEBUG_INFO = YES;
				ONLY_ACTIVE_ARCH = YES;
				SDKROOT = macosx;
			};
			name = Debug;
		};
		F73CA9F31D625689000862FF /* Release */ = {
			isa = XCBuildConfiguration;
			buildSettings = {
				ALWAYS_SEARCH_USER_PATHS = NO;
				CLANG_ANALYZER_NONNULL = YES;
				CLANG_CXX_LANGUAGE_STANDARD = "gnu++0x";
				CLANG_CXX_LIBRARY = "libc++";
				CLANG_ENABLE_MODULES = YES;
				CLANG_ENABLE_OBJC_ARC = YES;
				CLANG_WARN_BOOL_CONVERSION = YES;
				CLANG_WARN_CONSTANT_CONVERSION = YES;
				CLANG_WARN_DIRECT_OBJC_ISA_USAGE = YES_ERROR;
				CLANG_WARN_DOCUMENTATION_COMMENTS = YES;
				CLANG_WARN_EMPTY_BODY = YES;
				CLANG_WARN_ENUM_CONVERSION = YES;
				CLANG_WARN_INFINITE_RECURSION = YES;
				CLANG_WARN_INT_CONVERSION = YES;
				CLANG_WARN_OBJC_ROOT_CLASS = YES_ERROR;
				CLANG_WARN_SUSPICIOUS_MOVES = YES;
				CLANG_WARN_UNREACHABLE_CODE = YES;
				CLANG_WARN__DUPLICATE_METHOD_MATCH = YES;
				CODE_SIGN_IDENTITY = "-";
				COPY_PHASE_STRIP = NO;
				DEBUG_INFORMATION_FORMAT = "dwarf-with-dsym";
				ENABLE_NS_ASSERTIONS = NO;
				ENABLE_STRICT_OBJC_MSGSEND = YES;
				GCC_C_LANGUAGE_STANDARD = gnu99;
				GCC_NO_COMMON_BLOCKS = YES;
				GCC_WARN_64_TO_32_BIT_CONVERSION = YES;
				GCC_WARN_ABOUT_RETURN_TYPE = YES_ERROR;
				GCC_WARN_UNDECLARED_SELECTOR = YES;
				GCC_WARN_UNINITIALIZED_AUTOS = YES_AGGRESSIVE;
				GCC_WARN_UNUSED_FUNCTION = YES;
				GCC_WARN_UNUSED_VARIABLE = YES;
				MACOSX_DEPLOYMENT_TARGET = 10.11;
				MTL_ENABLE_DEBUG_INFO = NO;
				SDKROOT = macosx;
			};
			name = Release;
		};
		F73CA9F51D625689000862FF /* Debug */ = {
			isa = XCBuildConfiguration;
			buildSettings = {
				DEVELOPMENT_TEAM = 6EFGV8H972;
				PRODUCT_NAME = "$(TARGET_NAME)";
			};
			name = Debug;
		};
		F73CA9F61D625689000862FF /* Release */ = {
			isa = XCBuildConfiguration;
			buildSettings = {
				DEVELOPMENT_TEAM = 6EFGV8H972;
				PRODUCT_NAME = "$(TARGET_NAME)";
			};
			name = Release;
		};
/* End XCBuildConfiguration section */

/* Begin XCConfigurationList section */
		F73CA9E81D625689000862FF /* Build configuration list for PBXProject "Guessing Game - Obj C" */ = {
			isa = XCConfigurationList;
			buildConfigurations = (
				F73CA9F21D625689000862FF /* Debug */,
				F73CA9F31D625689000862FF /* Release */,
			);
			defaultConfigurationIsVisible = 0;
			defaultConfigurationName = Release;
		};
		F73CA9F41D625689000862FF /* Build configuration list for PBXNativeTarget "Guessing Game - Obj C" */ = {
			isa = XCConfigurationList;
			buildConfigurations = (
				F73CA9F51D625689000862FF /* Debug */,
				F73CA9F61D625689000862FF /* Release */,
			);
			defaultConfigurationIsVisible = 0;
		};
/* End XCConfigurationList section */
	};
	rootObject = F73CA9E51D625689000862FF /* Project object */;
}
